
Microsoft Visual Studio Solution File, Format Version 12.00
# Visual Studio Version 16
VisualStudioVersion = 16.0.30114.105
MinimumVisualStudioVersion = 10.0.40219.1
Project("{9A19103F-16F7-4668-BE54-9A1E7A4F7556}") = "R5T.D1000.Base", "R5T.D1000.Base\R5T.D1000.Base.csproj", "{8865481B-B928-4F54-8E04-1FE76F5432BC}"
EndProject
Project("{9A19103F-16F7-4668-BE54-9A1E7A4F7556}") = "R5T.D1000.I001", "R5T.D1000.I001\R5T.D1000.I001.csproj", "{63877CF3-22DB-418B-8E3C-71FF68F0A877}"
EndProject
Project("{2150E333-8FDC-42A3-9474-1A3956D46DE8}") = "_Dependencies", "_Dependencies", "{D4CE0A58-41B9-4474-B981-31DABB7C0D66}"
EndProject
Project("{9A19103F-16F7-4668-BE54-9A1E7A4F7556}") = "R5T.T0064", "..\..\R5T.T0064\source\R5T.T0064\R5T.T0064.csproj", "{45E3755F-1EE1-473C-B0DB-FAC315D688E7}"
EndProject
Project("{9A19103F-16F7-4668-BE54-9A1E7A4F7556}") = "R5T.T0062.X001", "..\..\R5T.T0062\source\R5T.T0062.X001\R5T.T0062.X001.csproj", "{DBBF56C6-076A-45FB-AFD4-6C56FD56E8D7}"
EndProject
Project("{9A19103F-16F7-4668-BE54-9A1E7A4F7556}") = "R5T.L0013", "..\..\R5T.L0013\source\R5T.L0013\R5T.L0013.csproj", "{0D58F703-C8B4-4F27-8A97-85B87F5911DC}"
EndProject
Global
	GlobalSection(SolutionConfigurationPlatforms) = preSolution
		Debug|Any CPU = Debug|Any CPU
		Debug|x64 = Debug|x64
		Debug|x86 = Debug|x86
		Release|Any CPU = Release|Any CPU
		Release|x64 = Release|x64
		Release|x86 = Release|x86
	EndGlobalSection
	GlobalSection(ProjectConfigurationPlatforms) = postSolution
		{8865481B-B928-4F54-8E04-1FE76F5432BC}.Debug|Any CPU.ActiveCfg = Debug|Any CPU
		{8865481B-B928-4F54-8E04-1FE76F5432BC}.Debug|Any CPU.Build.0 = Debug|Any CPU
		{8865481B-B928-4F54-8E04-1FE76F5432BC}.Debug|x64.ActiveCfg = Debug|Any CPU
		{8865481B-B928-4F54-8E04-1FE76F5432BC}.Debug|x64.Build.0 = Debug|Any CPU
		{8865481B-B928-4F54-8E04-1FE76F5432BC}.Debug|x86.ActiveCfg = Debug|Any CPU
		{8865481B-B928-4F54-8E04-1FE76F5432BC}.Debug|x86.Build.0 = Debug|Any CPU
		{8865481B-B928-4F54-8E04-1FE76F5432BC}.Release|Any CPU.ActiveCfg = Release|Any CPU
		{8865481B-B928-4F54-8E04-1FE76F5432BC}.Release|Any CPU.Build.0 = Release|Any CPU
		{8865481B-B928-4F54-8E04-1FE76F5432BC}.Release|x64.ActiveCfg = Release|Any CPU
		{8865481B-B928-4F54-8E04-1FE76F5432BC}.Release|x64.Build.0 = Release|Any CPU
		{8865481B-B928-4F54-8E04-1FE76F5432BC}.Release|x86.ActiveCfg = Release|Any CPU
		{8865481B-B928-4F54-8E04-1FE76F5432BC}.Release|x86.Build.0 = Release|Any CPU
		{63877CF3-22DB-418B-8E3C-71FF68F0A877}.Debug|Any CPU.ActiveCfg = Debug|Any CPU
		{63877CF3-22DB-418B-8E3C-71FF68F0A877}.Debug|Any CPU.Build.0 = Debug|Any CPU
		{63877CF3-22DB-418B-8E3C-71FF68F0A877}.Debug|x64.ActiveCfg = Debug|Any CPU
		{63877CF3-22DB-418B-8E3C-71FF68F0A877}.Debug|x64.Build.0 = Debug|Any CPU
		{63877CF3-22DB-418B-8E3C-71FF68F0A877}.Debug|x86.ActiveCfg = Debug|Any CPU
		{63877CF3-22DB-418B-8E3C-71FF68F0A877}.Debug|x86.Build.0 = Debug|Any CPU
		{63877CF3-22DB-418B-8E3C-71FF68F0A877}.Release|Any CPU.ActiveCfg = Release|Any CPU
		{63877CF3-22DB-418B-8E3C-71FF68F0A877}.Release|Any CPU.Build.0 = Release|Any CPU
		{63877CF3-22DB-418B-8E3C-71FF68F0A877}.Release|x64.ActiveCfg = Release|Any CPU
		{63877CF3-22DB-418B-8E3C-71FF68F0A877}.Release|x64.Build.0 = Release|Any CPU
		{63877CF3-22DB-418B-8E3C-71FF68F0A877}.Release|x86.ActiveCfg = Release|Any CPU
		{63877CF3-22DB-418B-8E3C-71FF68F0A877}.Release|x86.Build.0 = Release|Any CPU
		{45E3755F-1EE1-473C-B0DB-FAC315D688E7}.Debug|Any CPU.ActiveCfg = Debug|Any CPU
		{45E3755F-1EE1-473C-B0DB-FAC315D688E7}.Debug|Any CPU.Build.0 = Debug|Any CPU
		{45E3755F-1EE1-473C-B0DB-FAC315D688E7}.Debug|x64.ActiveCfg = Debug|Any CPU
		{45E3755F-1EE1-473C-B0DB-FAC315D688E7}.Debug|x64.Build.0 = Debug|Any CPU
		{45E3755F-1EE1-473C-B0DB-FAC315D688E7}.Debug|x86.ActiveCfg = Debug|Any CPU
		{45E3755F-1EE1-473C-B0DB-FAC315D688E7}.Debug|x86.Build.0 = Debug|Any CPU
		{45E3755F-1EE1-473C-B0DB-FAC315D688E7}.Release|Any CPU.ActiveCfg = Release|Any CPU
		{45E3755F-1EE1-473C-B0DB-FAC315D688E7}.Release|Any CPU.Build.0 = Release|Any CPU
		{45E3755F-1EE1-473C-B0DB-FAC315D688E7}.Release|x64.ActiveCfg = Release|Any CPU
		{45E3755F-1EE1-473C-B0DB-FAC315D688E7}.Release|x64.Build.0 = Release|Any CPU
		{45E3755F-1EE1-473C-B0DB-FAC315D688E7}.Release|x86.ActiveCfg = Release|Any CPU
		{45E3755F-1EE1-473C-B0DB-FAC315D688E7}.Release|x86.Build.0 = Release|Any CPU
		{DBBF56C6-076A-45FB-AFD4-6C56FD56E8D7}.Debug|Any CPU.ActiveCfg = Debug|Any CPU
		{DBBF56C6-076A-45FB-AFD4-6C56FD56E8D7}.Debug|Any CPU.Build.0 = Debug|Any CPU
		{DBBF56C6-076A-45FB-AFD4-6C56FD56E8D7}.Debug|x64.ActiveCfg = Debug|Any CPU
		{DBBF56C6-076A-45FB-AFD4-6C56FD56E8D7}.Debug|x64.Build.0 = Debug|Any CPU
		{DBBF56C6-076A-45FB-AFD4-6C56FD56E8D7}.Debug|x86.ActiveCfg = Debug|Any CPU
		{DBBF56C6-076A-45FB-AFD4-6C56FD56E8D7}.Debug|x86.Build.0 = Debug|Any CPU
		{DBBF56C6-076A-45FB-AFD4-6C56FD56E8D7}.Release|Any CPU.ActiveCfg = Release|Any CPU
		{DBBF56C6-076A-45FB-AFD4-6C56FD56E8D7}.Release|Any CPU.Build.0 = Release|Any CPU
		{DBBF56C6-076A-45FB-AFD4-6C56FD56E8D7}.Release|x64.ActiveCfg = Release|Any CPU
		{DBBF56C6-076A-45FB-AFD4-6C56FD56E8D7}.Release|x64.Build.0 = Release|Any CPU
		{DBBF56C6-076A-45FB-AFD4-6C56FD56E8D7}.Release|x86.ActiveCfg = Release|Any CPU
		{DBBF56C6-076A-45FB-AFD4-6C56FD56E8D7}.Release|x86.Build.0 = Release|Any CPU
		{0D58F703-C8B4-4F27-8A97-85B87F5911DC}.Debug|Any CPU.ActiveCfg = Debug|Any CPU
		{0D58F703-C8B4-4F27-8A97-85B87F5911DC}.Debug|Any CPU.Build.0 = Debug|Any CPU
		{0D58F703-C8B4-4F27-8A97-85B87F5911DC}.Debug|x64.ActiveCfg = Debug|Any CPU
		{0D58F703-C8B4-4F27-8A97-85B87F5911DC}.Debug|x64.Build.0 = Debug|Any CPU
		{0D58F703-C8B4-4F27-8A97-85B87F5911DC}.Debug|x86.ActiveCfg = Debug|Any CPU
		{0D58F703-C8B4-4F27-8A97-85B87F5911DC}.Debug|x86.Build.0 = Debug|Any CPU
		{0D58F703-C8B4-4F27-8A97-85B87F5911DC}.Release|Any CPU.ActiveCfg = Release|Any CPU
		{0D58F703-C8B4-4F27-8A97-85B87F5911DC}.Release|Any CPU.Build.0 = Release|Any CPU
		{0D58F703-C8B4-4F27-8A97-85B87F5911DC}.Release|x64.ActiveCfg = Release|Any CPU
		{0D58F703-C8B4-4F27-8A97-85B87F5911DC}.Release|x64.Build.0 = Release|Any CPU
		{0D58F703-C8B4-4F27-8A97-85B87F5911DC}.Release|x86.ActiveCfg = Release|Any CPU
		{0D58F703-C8B4-4F27-8A97-85B87F5911DC}.Release|x86.Build.0 = Release|Any CPU
	EndGlobalSection
	GlobalSection(SolutionProperties) = preSolution
		HideSolutionNode = FALSE
	EndGlobalSection
	GlobalSection(NestedProjects) = preSolution
		{45E3755F-1EE1-473C-B0DB-FAC315D688E7} = {D4CE0A58-41B9-4474-B981-31DABB7C0D66}
		{DBBF56C6-076A-45FB-AFD4-6C56FD56E8D7} = {D4CE0A58-41B9-4474-B981-31DABB7C0D66}
		{0D58F703-C8B4-4F27-8A97-85B87F5911DC} = {D4CE0A58-41B9-4474-B981-31DABB7C0D66}
	EndGlobalSection
	GlobalSection(ExtensibilityGlobals) = postSolution
		SolutionGuid = {0E7C6554-E882-44F1-BDF3-FAD07D67529B}
	EndGlobalSection
EndGlobal
